
Microsoft Visual Studio Solution File, Format Version 12.00
# Visual Studio Version 16
VisualStudioVersion = 16.0.30011.22
MinimumVisualStudioVersion = 10.0.40219.1
Project("{9A19103F-16F7-4668-BE54-9A1E7A4F7556}") = "UdemyNLayerProject.API", "UdemyNLayerProject.API\UdemyNLayerProject.API.csproj", "{C8C2F01D-D4A2-453D-A181-93B8FFB1C123}"
EndProject
Project("{9A19103F-16F7-4668-BE54-9A1E7A4F7556}") = "UdemyNLayerProject.Core", "UdemyNLayerProject.Core\UdemyNLayerProject.Core.csproj", "{BBD29AB9-E8FD-4B0D-9690-F2611E5CCAA3}"
EndProject
Project("{9A19103F-16F7-4668-BE54-9A1E7A4F7556}") = "UdemyNLayerProject.Data", "UdemyNLayerProject.Data\UdemyNLayerProject.Data.csproj", "{D1936D9D-447B-4AFC-99D5-76227F4C4840}"
EndProject
Project("{9A19103F-16F7-4668-BE54-9A1E7A4F7556}") = "UdemyNLayerProject.Service", "UdemyNLayerProject.Service\UdemyNLayerProject.Service.csproj", "{40257BFC-827A-49F0-B9D2-BAEE45F9A564}"
EndProject
Project("{FAE04EC0-301F-11D3-BF4B-00C04F79EFBC}") = "UdemyNLayerProject.Web", "UdemyNLayerProject.Web\UdemyNLayerProject.Web.csproj", "{9D7BDFD7-BFD2-4C2F-A25C-57E30017D815}"
EndProject
Global
	GlobalSection(SolutionConfigurationPlatforms) = preSolution
		Debug|Any CPU = Debug|Any CPU
		Release|Any CPU = Release|Any CPU
	EndGlobalSection
	GlobalSection(ProjectConfigurationPlatforms) = postSolution
		{C8C2F01D-D4A2-453D-A181-93B8FFB1C123}.Debug|Any CPU.ActiveCfg = Debug|Any CPU
		{C8C2F01D-D4A2-453D-A181-93B8FFB1C123}.Debug|Any CPU.Build.0 = Debug|Any CPU
		{C8C2F01D-D4A2-453D-A181-93B8FFB1C123}.Release|Any CPU.ActiveCfg = Release|Any CPU
		{C8C2F01D-D4A2-453D-A181-93B8FFB1C123}.Release|Any CPU.Build.0 = Release|Any CPU
		{BBD29AB9-E8FD-4B0D-9690-F2611E5CCAA3}.Debug|Any CPU.ActiveCfg = Debug|Any CPU
		{BBD29AB9-E8FD-4B0D-9690-F2611E5CCAA3}.Debug|Any CPU.Build.0 = Debug|Any CPU
		{BBD29AB9-E8FD-4B0D-9690-F2611E5CCAA3}.Release|Any CPU.ActiveCfg = Release|Any CPU
		{BBD29AB9-E8FD-4B0D-9690-F2611E5CCAA3}.Release|Any CPU.Build.0 = Release|Any CPU
		{D1936D9D-447B-4AFC-99D5-76227F4C4840}.Debug|Any CPU.ActiveCfg = Debug|Any CPU
		{D1936D9D-447B-4AFC-99D5-76227F4C4840}.Debug|Any CPU.Build.0 = Debug|Any CPU
		{D1936D9D-447B-4AFC-99D5-76227F4C4840}.Release|Any CPU.ActiveCfg = Release|Any CPU
		{D1936D9D-447B-4AFC-99D5-76227F4C4840}.Release|Any CPU.Build.0 = Release|Any CPU
		{40257BFC-827A-49F0-B9D2-BAEE45F9A564}.Debug|Any CPU.ActiveCfg = Debug|Any CPU
		{40257BFC-827A-49F0-B9D2-BAEE45F9A564}.Debug|Any CPU.Build.0 = Debug|Any CPU
		{40257BFC-827A-49F0-B9D2-BAEE45F9A564}.Release|Any CPU.ActiveCfg = Release|Any CPU
		{40257BFC-827A-49F0-B9D2-BAEE45F9A564}.Release|Any CPU.Build.0 = Release|Any CPU
		{9D7BDFD7-BFD2-4C2F-A25C-57E30017D815}.Debug|Any CPU.ActiveCfg = Debug|Any CPU
		{9D7BDFD7-BFD2-4C2F-A25C-57E30017D815}.Debug|Any CPU.Build.0 = Debug|Any CPU
		{9D7BDFD7-BFD2-4C2F-A25C-57E30017D815}.Release|Any CPU.ActiveCfg = Release|Any CPU
		{9D7BDFD7-BFD2-4C2F-A25C-57E30017D815}.Release|Any CPU.Build.0 = Release|Any CPU
	EndGlobalSection
	GlobalSection(SolutionProperties) = preSolution
		HideSolutionNode = FALSE
	EndGlobalSection
	GlobalSection(ExtensibilityGlobals) = postSolution
		SolutionGuid = {7F233EF3-0FF9-4B3B-9AED-2584806A70A6}
	EndGlobalSection
EndGlobal
